
Microsoft Visual Studio Solution File, Format Version 12.00
# Visual Studio Version 16
VisualStudioVersion = 16.0.31515.178
MinimumVisualStudioVersion = 10.0.40219.1
Project("{9A19103F-16F7-4668-BE54-9A1E7A4F7556}") = "TradingEngineServer", "TradingEngineServer\TradingEngineServer.csproj", "{32C20E58-30FD-47F0-964D-12D29DFB583D}"
EndProject
Project("{FAE04EC0-301F-11D3-BF4B-00C04F79EFBC}") = "LoggingCS", "LoggingCS\LoggingCS.csproj", "{74731C46-D68D-4E88-9935-8370836B3AE8}"
EndProject
Global
	GlobalSection(SolutionConfigurationPlatforms) = preSolution
		Debug|Any CPU = Debug|Any CPU
		Release|Any CPU = Release|Any CPU
	EndGlobalSection
	GlobalSection(ProjectConfigurationPlatforms) = postSolution
		{32C20E58-30FD-47F0-964D-12D29DFB583D}.Debug|Any CPU.ActiveCfg = Debug|Any CPU
		{32C20E58-30FD-47F0-964D-12D29DFB583D}.Debug|Any CPU.Build.0 = Debug|Any CPU
		{32C20E58-30FD-47F0-964D-12D29DFB583D}.Release|Any CPU.ActiveCfg = Release|Any CPU
		{32C20E58-30FD-47F0-964D-12D29DFB583D}.Release|Any CPU.Build.0 = Release|Any CPU
		{74731C46-D68D-4E88-9935-8370836B3AE8}.Debug|Any CPU.ActiveCfg = Debug|Any CPU
		{74731C46-D68D-4E88-9935-8370836B3AE8}.Debug|Any CPU.Build.0 = Debug|Any CPU
		{74731C46-D68D-4E88-9935-8370836B3AE8}.Release|Any CPU.ActiveCfg = Release|Any CPU
		{74731C46-D68D-4E88-9935-8370836B3AE8}.Release|Any CPU.Build.0 = Release|Any CPU
	EndGlobalSection
	GlobalSection(SolutionProperties) = preSolution
		HideSolutionNode = FALSE
	EndGlobalSection
	GlobalSection(ExtensibilityGlobals) = postSolution
		SolutionGuid = {CE8D5544-A4A4-4F1E-933B-954DD28342AE}
	EndGlobalSection
EndGlobal
